
Microsoft Visual Studio Solution File, Format Version 12.00
# Visual Studio Version 17
VisualStudioVersion = 17.5.33516.290
MinimumVisualStudioVersion = 10.0.40219.1
Project("{9A19103F-16F7-4668-BE54-9A1E7A4F7556}") = "Data", "src\Data\Data.csproj", "{F814444C-470F-4EBB-919C-EE4106EC47E7}"
EndProject
Project("{9A19103F-16F7-4668-BE54-9A1E7A4F7556}") = "Domain", "src\Domain\Domain.csproj", "{A6AF148C-BA47-47FB-95BE-7B6062EAAB63}"
EndProject
Project("{9A19103F-16F7-4668-BE54-9A1E7A4F7556}") = "Services", "src\Services\Services.csproj", "{77FDF63D-D673-4443-B924-B0695E54455A}"
EndProject
Project("{9A19103F-16F7-4668-BE54-9A1E7A4F7556}") = "Test", "src\Test\Test.csproj", "{5A44CAE6-9278-4D4D-A98E-881C741A82D1}"
EndProject
Project("{FAE04EC0-301F-11D3-BF4B-00C04F79EFBC}") = "Api", "src\Api\Api.csproj", "{DA0144C6-C4CC-494A-9CED-518BD15EDFA3}"
EndProject
Global
	GlobalSection(SolutionConfigurationPlatforms) = preSolution
		Debug|Any CPU = Debug|Any CPU
		Release|Any CPU = Release|Any CPU
	EndGlobalSection
	GlobalSection(ProjectConfigurationPlatforms) = postSolution
		{F814444C-470F-4EBB-919C-EE4106EC47E7}.Debug|Any CPU.ActiveCfg = Debug|Any CPU
		{F814444C-470F-4EBB-919C-EE4106EC47E7}.Debug|Any CPU.Build.0 = Debug|Any CPU
		{F814444C-470F-4EBB-919C-EE4106EC47E7}.Release|Any CPU.ActiveCfg = Release|Any CPU
		{F814444C-470F-4EBB-919C-EE4106EC47E7}.Release|Any CPU.Build.0 = Release|Any CPU
		{A6AF148C-BA47-47FB-95BE-7B6062EAAB63}.Debug|Any CPU.ActiveCfg = Debug|Any CPU
		{A6AF148C-BA47-47FB-95BE-7B6062EAAB63}.Debug|Any CPU.Build.0 = Debug|Any CPU
		{A6AF148C-BA47-47FB-95BE-7B6062EAAB63}.Release|Any CPU.ActiveCfg = Release|Any CPU
		{A6AF148C-BA47-47FB-95BE-7B6062EAAB63}.Release|Any CPU.Build.0 = Release|Any CPU
		{77FDF63D-D673-4443-B924-B0695E54455A}.Debug|Any CPU.ActiveCfg = Debug|Any CPU
		{77FDF63D-D673-4443-B924-B0695E54455A}.Debug|Any CPU.Build.0 = Debug|Any CPU
		{77FDF63D-D673-4443-B924-B0695E54455A}.Release|Any CPU.ActiveCfg = Release|Any CPU
		{77FDF63D-D673-4443-B924-B0695E54455A}.Release|Any CPU.Build.0 = Release|Any CPU
		{5A44CAE6-9278-4D4D-A98E-881C741A82D1}.Debug|Any CPU.ActiveCfg = Debug|Any CPU
		{5A44CAE6-9278-4D4D-A98E-881C741A82D1}.Debug|Any CPU.Build.0 = Debug|Any CPU
		{5A44CAE6-9278-4D4D-A98E-881C741A82D1}.Release|Any CPU.ActiveCfg = Release|Any CPU
		{5A44CAE6-9278-4D4D-A98E-881C741A82D1}.Release|Any CPU.Build.0 = Release|Any CPU
		{DA0144C6-C4CC-494A-9CED-518BD15EDFA3}.Debug|Any CPU.ActiveCfg = Debug|Any CPU
		{DA0144C6-C4CC-494A-9CED-518BD15EDFA3}.Debug|Any CPU.Build.0 = Debug|Any CPU
		{DA0144C6-C4CC-494A-9CED-518BD15EDFA3}.Release|Any CPU.ActiveCfg = Release|Any CPU
		{DA0144C6-C4CC-494A-9CED-518BD15EDFA3}.Release|Any CPU.Build.0 = Release|Any CPU
	EndGlobalSection
	GlobalSection(SolutionProperties) = preSolution
		HideSolutionNode = FALSE
	EndGlobalSection
	GlobalSection(ExtensibilityGlobals) = postSolution
		SolutionGuid = {852B5AEE-AA0F-4210-8D2F-9643674742A3}
	EndGlobalSection
EndGlobal
